
Microsoft Visual Studio Solution File, Format Version 12.00
# Visual Studio Version 17
VisualStudioVersion = 17.5.002.0
MinimumVisualStudioVersion = 10.0.40219.1
Project("{9A19103F-16F7-4668-BE54-9A1E7A4F7556}") = "CompressorBackend", "CompressorBackend.csproj", "{D426CBE3-A892-406E-ACF2-474E8AAC32DC}"
EndProject
Global
	GlobalSection(SolutionConfigurationPlatforms) = preSolution
		Debug|Any CPU = Debug|Any CPU
		Release|Any CPU = Release|Any CPU
	EndGlobalSection
	GlobalSection(ProjectConfigurationPlatforms) = postSolution
		{D426CBE3-A892-406E-ACF2-474E8AAC32DC}.Debug|Any CPU.ActiveCfg = Debug|Any CPU
		{D426CBE3-A892-406E-ACF2-474E8AAC32DC}.Debug|Any CPU.Build.0 = Debug|Any CPU
		{D426CBE3-A892-406E-ACF2-474E8AAC32DC}.Release|Any CPU.ActiveCfg = Release|Any CPU
		{D426CBE3-A892-406E-ACF2-474E8AAC32DC}.Release|Any CPU.Build.0 = Release|Any CPU
	EndGlobalSection
	GlobalSection(SolutionProperties) = preSolution
		HideSolutionNode = FALSE
	EndGlobalSection
	GlobalSection(ExtensibilityGlobals) = postSolution
		SolutionGuid = {961A34B9-E310-49F4-90DF-179407428242}
	EndGlobalSection
EndGlobal
